github.com/llyb120/goscript2 v0.0.1 h1:CGMxtz5rvq1AbGWqz1qh2Eg0tO3/Ked5x9aAWQnSRRM=
github.com/llyb120/goscript2 v0.0.1/go.mod h1:k48wjHrjU105Y7Rue0I6VGm/Zp4yflgYU9W2jEVfcV8=
github.com/llyb120/gosql v0.0.3 h1:J/Dm8k0MoOe1ExNZ4GTzK5ZxJrIGqFKY1QFT4tvE91Y=
github.com/llyb120/gosql v0.0.3/go.mod h1:0WsKn3tVw8/onjyKiaPTPLC6gesIHhYJdXxn0+d4pSw=
